{
  "originHash" : "883930d8e8f9f9e8bdb4a056acda15c1a401513d3fa52529238f71e43e34a425",
  "pins" : [
    {
      "identity" : "mokay",
      "kind" : "remoteSourceControl",
      "location" : "https://github.com/k0zl0v/Mokay.git",
      "state" : {
        "revision" : "ff32e4f3f2421e17a156a3b1f5a6525fa3cc5066",
        "version" : "1.3.0"
      }
    }
  ],
  "version" : 3
}
