{
  "originHash" : "883930d8e8f9f9e8bdb4a056acda15c1a401513d3fa52529238f71e43e34a425",
  "pins" : [
    {
      "identity" : "mokay",
      "kind" : "remoteSourceControl",
      "location" : "https://github.com/k0zl0v/Mokay.git",
      "state" : {
        "revision" : "216ffc5afe430046f4e3d670109edfb0b84be509",
        "version" : "1.5.0"
      }
    }
  ],
  "version" : 3
}
