// !$*UTF8*$!
{
	archiveVersion = 1;
	classes = {
	};
	objectVersion = 77;
	objects = {

/* Begin PBXBuildFile section */
		1CF9C4F92D01C288006C55E7 /* Mokay in Frameworks */ = {isa = PBXBuildFile; productRef = 1CF9C4F82D01C288006C55E7 /* Mokay */; };
/* End PBXBuildFile section */

/* Begin PBXContainerItemProxy section */
		1C3921EC2D00573200848672 /* PBXContainerItemProxy */ = {
			isa = PBXContainerItemProxy;
			containerPortal = 1C3921D12D00573100848672 /* Project object */;
			proxyType = 1;
			remoteGlobalIDString = 1C3921D82D00573100848672;
			remoteInfo = MokayExample;
		};
		1C3921F62D00573200848672 /* PBXContainerItemProxy */ = {
			isa = PBXContainerItemProxy;
			containerPortal = 1C3921D12D00573100848672 /* Project object */;
			proxyType = 1;
			remoteGlobalIDString = 1C3921D82D00573100848672;
			remoteInfo = MokayExample;
		};
/* End PBXContainerItemProxy section */

/* Begin PBXFileReference section */
		1C3921D92D00573100848672 /* MokayExample.app */ = {isa = PBXFileReference; explicitFileType = wrapper.application; includeInIndex = 0; path = MokayExample.app; sourceTree = BUILT_PRODUCTS_DIR; };
		1C3921EB2D00573200848672 /* MokayExampleTests.xctest */ = {isa = PBXFileReference; explicitFileType = wrapper.cfbundle; includeInIndex = 0; path = MokayExampleTests.xctest; sourceTree = BUILT_PRODUCTS_DIR; };
		1C3921F52D00573200848672 /* MokayExampleUITests.xctest */ = {isa = PBXFileReference; explicitFileType = wrapper.cfbundle; includeInIndex = 0; path = MokayExampleUITests.xctest; sourceTree = BUILT_PRODUCTS_DIR; };
/* End PBXFileReference section */

/* Begin PBXFileSystemSynchronizedRootGroup section */
		1C3921DB2D00573100848672 /* MokayExample */ = {
			isa = PBXFileSystemSynchronizedRootGroup;
			path = MokayExample;
			sourceTree = "<group>";
		};
		1C3921EE2D00573200848672 /* MokayExampleTests */ = {
			isa = PBXFileSystemSynchronizedRootGroup;
			path = MokayExampleTests;
			sourceTree = "<group>";
		};
		1C3921F82D00573200848672 /* MokayExampleUITests */ = {
			isa = PBXFileSystemSynchronizedRootGroup;
			path = MokayExampleUITests;
			sourceTree = "<group>";
		};
/* End PBXFileSystemSynchronizedRootGroup section */

/* Begin PBXFrameworksBuildPhase section */
		1C3921D62D00573100848672 /* Frameworks */ = {
			isa = PBXFrameworksBuildPhase;
			buildActionMask = 2147483647;
			files = (
				1CF9C4F92D01C288006C55E7 /* Mokay in Frameworks */,
			);
			runOnlyForDeploymentPostprocessing = 0;
		};
		1C3921E82D00573200848672 /* Frameworks */ = {
			isa = PBXFrameworksBuildPhase;
			buildActionMask = 2147483647;
			files = (
			);
			runOnlyForDeploymentPostprocessing = 0;
		};
		1C3921F22D00573200848672 /* Frameworks */ = {
			isa = PBXFrameworksBuildPhase;
			buildActionMask = 2147483647;
			files = (
			);
			runOnlyForDeploymentPostprocessing = 0;
		};
/* End PBXFrameworksBuildPhase section */

/* Begin PBXGroup section */
		1C3921D02D00573100848672 = {
			isa = PBXGroup;
			children = (
				1C3921DB2D00573100848672 /* MokayExample */,
				1C3921EE2D00573200848672 /* MokayExampleTests */,
				1C3921F82D00573200848672 /* MokayExampleUITests */,
				1CF9C4F72D01C288006C55E7 /* Frameworks */,
				1C3921DA2D00573100848672 /* Products */,
			);
			sourceTree = "<group>";
		};
		1C3921DA2D00573100848672 /* Products */ = {
			isa = PBXGroup;
			children = (
				1C3921D92D00573100848672 /* MokayExample.app */,
				1C3921EB2D00573200848672 /* MokayExampleTests.xctest */,
				1C3921F52D00573200848672 /* MokayExampleUITests.xctest */,
			);
			name = Products;
			sourceTree = "<group>";
		};
		1CF9C4F72D01C288006C55E7 /* Frameworks */ = {
			isa = PBXGroup;
			children = (
			);
			name = Frameworks;
			sourceTree = "<group>";
		};
/* End PBXGroup section */

/* Begin PBXNativeTarget section */
		1C3921D82D00573100848672 /* MokayExample */ = {
			isa = PBXNativeTarget;
			buildConfigurationList = 1C3921FF2D00573200848672 /* Build configuration list for PBXNativeTarget "MokayExample" */;
			buildPhases = (
				1C3921D52D00573100848672 /* Sources */,
				1C3921D62D00573100848672 /* Frameworks */,
				1C3921D72D00573100848672 /* Resources */,
			);
			buildRules = (
			);
			dependencies = (
			);
			fileSystemSynchronizedGroups = (
				1C3921DB2D00573100848672 /* MokayExample */,
			);
			name = MokayExample;
			packageProductDependencies = (
				1CF9C4F82D01C288006C55E7 /* Mokay */,
			);
			productName = MokayExample;
			productReference = 1C3921D92D00573100848672 /* MokayExample.app */;
			productType = "com.apple.product-type.application";
		};
		1C3921EA2D00573200848672 /* MokayExampleTests */ = {
			isa = PBXNativeTarget;
			buildConfigurationList = 1C3922022D00573200848672 /* Build configuration list for PBXNativeTarget "MokayExampleTests" */;
			buildPhases = (
				1C3921E72D00573200848672 /* Sources */,
				1C3921E82D00573200848672 /* Frameworks */,
				1C3921E92D00573200848672 /* Resources */,
			);
			buildRules = (
			);
			dependencies = (
				1C3921ED2D00573200848672 /* PBXTargetDependency */,
			);
			fileSystemSynchronizedGroups = (
				1C3921EE2D00573200848672 /* MokayExampleTests */,
			);
			name = MokayExampleTests;
			packageProductDependencies = (
			);
			productName = MokayExampleTests;
			productReference = 1C3921EB2D00573200848672 /* MokayExampleTests.xctest */;
			productType = "com.apple.product-type.bundle.unit-test";
		};
		1C3921F42D00573200848672 /* MokayExampleUITests */ = {
			isa = PBXNativeTarget;
			buildConfigurationList = 1C3922052D00573200848672 /* Build configuration list for PBXNativeTarget "MokayExampleUITests" */;
			buildPhases = (
				1C3921F12D00573200848672 /* Sources */,
				1C3921F22D00573200848672 /* Frameworks */,
				1C3921F32D00573200848672 /* Resources */,
			);
			buildRules = (
			);
			dependencies = (
				1C3921F72D00573200848672 /* PBXTargetDependency */,
			);
			fileSystemSynchronizedGroups = (
				1C3921F82D00573200848672 /* MokayExampleUITests */,
			);
			name = MokayExampleUITests;
			packageProductDependencies = (
			);
			productName = MokayExampleUITests;
			productReference = 1C3921F52D00573200848672 /* MokayExampleUITests.xctest */;
			productType = "com.apple.product-type.bundle.ui-testing";
		};
/* End PBXNativeTarget section */

/* Begin PBXProject section */
		1C3921D12D00573100848672 /* Project object */ = {
			isa = PBXProject;
			attributes = {
				BuildIndependentTargetsInParallel = 1;
				LastSwiftUpdateCheck = 1610;
				LastUpgradeCheck = 1610;
				TargetAttributes = {
					1C3921D82D00573100848672 = {
						CreatedOnToolsVersion = 16.1;
					};
					1C3921EA2D00573200848672 = {
						CreatedOnToolsVersion = 16.1;
						TestTargetID = 1C3921D82D00573100848672;
					};
					1C3921F42D00573200848672 = {
						CreatedOnToolsVersion = 16.1;
						TestTargetID = 1C3921D82D00573100848672;
					};
				};
			};
			buildConfigurationList = 1C3921D42D00573100848672 /* Build configuration list for PBXProject "MokayExample" */;
			developmentRegion = en;
			hasScannedForEncodings = 0;
			knownRegions = (
				en,
				Base,
			);
			mainGroup = 1C3921D02D00573100848672;
			minimizedProjectReferenceProxies = 1;
			packageReferences = (
				1C101BD52D00E514002204E0 /* XCRemoteSwiftPackageReference "Mokay" */,
			);
			preferredProjectObjectVersion = 77;
			productRefGroup = 1C3921DA2D00573100848672 /* Products */;
			projectDirPath = "";
			projectRoot = "";
			targets = (
				1C3921D82D00573100848672 /* MokayExample */,
				1C3921EA2D00573200848672 /* MokayExampleTests */,
				1C3921F42D00573200848672 /* MokayExampleUITests */,
			);
		};
/* End PBXProject section */

/* Begin PBXResourcesBuildPhase section */
		1C3921D72D00573100848672 /* Resources */ = {
			isa = PBXResourcesBuildPhase;
			buildActionMask = 2147483647;
			files = (
			);
			runOnlyForDeploymentPostprocessing = 0;
		};
		1C3921E92D00573200848672 /* Resources */ = {
			isa = PBXResourcesBuildPhase;
			buildActionMask = 2147483647;
			files = (
			);
			runOnlyForDeploymentPostprocessing = 0;
		};
		1C3921F32D00573200848672 /* Resources */ = {
			isa = PBXResourcesBuildPhase;
			buildActionMask = 2147483647;
			files = (
			);
			runOnlyForDeploymentPostprocessing = 0;
		};
/* End PBXResourcesBuildPhase section */

/* Begin PBXSourcesBuildPhase section */
		1C3921D52D00573100848672 /* Sources */ = {
			isa = PBXSourcesBuildPhase;
			buildActionMask = 2147483647;
			files = (
			);
			runOnlyForDeploymentPostprocessing = 0;
		};
		1C3921E72D00573200848672 /* Sources */ = {
			isa = PBXSourcesBuildPhase;
			buildActionMask = 2147483647;
			files = (
			);
			runOnlyForDeploymentPostprocessing = 0;
		};
		1C3921F12D00573200848672 /* Sources */ = {
			isa = PBXSourcesBuildPhase;
			buildActionMask = 2147483647;
			files = (
			);
			runOnlyForDeploymentPostprocessing = 0;
		};
/* End PBXSourcesBuildPhase section */

/* Begin PBXTargetDependency section */
		1C3921ED2D00573200848672 /* PBXTargetDependency */ = {
			isa = PBXTargetDependency;
			target = 1C3921D82D00573100848672 /* MokayExample */;
			targetProxy = 1C3921EC2D00573200848672 /* PBXContainerItemProxy */;
		};
		1C3921F72D00573200848672 /* PBXTargetDependency */ = {
			isa = PBXTargetDependency;
			target = 1C3921D82D00573100848672 /* MokayExample */;
			targetProxy = 1C3921F62D00573200848672 /* PBXContainerItemProxy */;
		};
/* End PBXTargetDependency section */

/* Begin XCBuildConfiguration section */
		1C3921FD2D00573200848672 /* Debug */ = {
			isa = XCBuildConfiguration;
			buildSettings = {
				ALWAYS_SEARCH_USER_PATHS = NO;
				ASSETCATALOG_COMPILER_GENERATE_SWIFT_ASSET_SYMBOL_EXTENSIONS = YES;
				CLANG_ANALYZER_NONNULL = YES;
				CLANG_ANALYZER_NUMBER_OBJECT_CONVERSION = YES_AGGRESSIVE;
				CLANG_CXX_LANGUAGE_STANDARD = "gnu++20";
				CLANG_ENABLE_MODULES = YES;
				CLANG_ENABLE_OBJC_ARC = YES;
				CLANG_ENABLE_OBJC_WEAK = YES;
				CLANG_WARN_BLOCK_CAPTURE_AUTORELEASING = YES;
				CLANG_WARN_BOOL_CONVERSION = YES;
				CLANG_WARN_COMMA = YES;
				CLANG_WARN_CONSTANT_CONVERSION = YES;
				CLANG_WARN_DEPRECATED_OBJC_IMPLEMENTATIONS = YES;
				CLANG_WARN_DIRECT_OBJC_ISA_USAGE = YES_ERROR;
				CLANG_WARN_DOCUMENTATION_COMMENTS = YES;
				CLANG_WARN_EMPTY_BODY = YES;
				CLANG_WARN_ENUM_CONVERSION = YES;
				CLANG_WARN_INFINITE_RECURSION = YES;
				CLANG_WARN_INT_CONVERSION = YES;
				CLANG_WARN_NON_LITERAL_NULL_CONVERSION = YES;
				CLANG_WARN_OBJC_IMPLICIT_RETAIN_SELF = YES;
				CLANG_WARN_OBJC_LITERAL_CONVERSION = YES;
				CLANG_WARN_OBJC_ROOT_CLASS = YES_ERROR;
				CLANG_WARN_QUOTED_INCLUDE_IN_FRAMEWORK_HEADER = YES;
				CLANG_WARN_RANGE_LOOP_ANALYSIS = YES;
				CLANG_WARN_STRICT_PROTOTYPES = YES;
				CLANG_WARN_SUSPICIOUS_MOVE = YES;
				CLANG_WARN_UNGUARDED_AVAILABILITY = YES_AGGRESSIVE;
				CLANG_WARN_UNREACHABLE_CODE = YES;
				CLANG_WARN__DUPLICATE_METHOD_MATCH = YES;
				COPY_PHASE_STRIP = NO;
				DEBUG_INFORMATION_FORMAT = dwarf;
				ENABLE_STRICT_OBJC_MSGSEND = YES;
				ENABLE_TESTABILITY = YES;
				ENABLE_USER_SCRIPT_SANDBOXING = YES;
				GCC_C_LANGUAGE_STANDARD = gnu17;
				GCC_DYNAMIC_NO_PIC = NO;
				GCC_NO_COMMON_BLOCKS = YES;
				GCC_OPTIMIZATION_LEVEL = 0;
				GCC_PREPROCESSOR_DEFINITIONS = (
					"DEBUG=1",
					"$(inherited)",
				);
				GCC_WARN_64_TO_32_BIT_CONVERSION = YES;
				GCC_WARN_ABOUT_RETURN_TYPE = YES_ERROR;
				GCC_WARN_UNDECLARED_SELECTOR = YES;
				GCC_WARN_UNINITIALIZED_AUTOS = YES_AGGRESSIVE;
				GCC_WARN_UNUSED_FUNCTION = YES;
				GCC_WARN_UNUSED_VARIABLE = YES;
				IPHONEOS_DEPLOYMENT_TARGET = 18.1;
				LOCALIZATION_PREFERS_STRING_CATALOGS = YES;
				MTL_ENABLE_DEBUG_INFO = INCLUDE_SOURCE;
				MTL_FAST_MATH = YES;
				ONLY_ACTIVE_ARCH = YES;
				SDKROOT = iphoneos;
				SWIFT_ACTIVE_COMPILATION_CONDITIONS = "DEBUG $(inherited)";
				SWIFT_OPTIMIZATION_LEVEL = "-Onone";
			};
			name = Debug;
		};
		1C3921FE2D00573200848672 /* Release */ = {
			isa = XCBuildConfiguration;
			buildSettings = {
				ALWAYS_SEARCH_USER_PATHS = NO;
				ASSETCATALOG_COMPILER_GENERATE_SWIFT_ASSET_SYMBOL_EXTENSIONS = YES;
				CLANG_ANALYZER_NONNULL = YES;
				CLANG_ANALYZER_NUMBER_OBJECT_CONVERSION = YES_AGGRESSIVE;
				CLANG_CXX_LANGUAGE_STANDARD = "gnu++20";
				CLANG_ENABLE_MODULES = YES;
				CLANG_ENABLE_OBJC_ARC = YES;
				CLANG_ENABLE_OBJC_WEAK = YES;
				CLANG_WARN_BLOCK_CAPTURE_AUTORELEASING = YES;
				CLANG_WARN_BOOL_CONVERSION = YES;
				CLANG_WARN_COMMA = YES;
				CLANG_WARN_CONSTANT_CONVERSION = YES;
				CLANG_WARN_DEPRECATED_OBJC_IMPLEMENTATIONS = YES;
				CLANG_WARN_DIRECT_OBJC_ISA_USAGE = YES_ERROR;
				CLANG_WARN_DOCUMENTATION_COMMENTS = YES;
				CLANG_WARN_EMPTY_BODY = YES;
				CLANG_WARN_ENUM_CONVERSION = YES;
				CLANG_WARN_INFINITE_RECURSION = YES;
				CLANG_WARN_INT_CONVERSION = YES;
				CLANG_WARN_NON_LITERAL_NULL_CONVERSION = YES;
				CLANG_WARN_OBJC_IMPLICIT_RETAIN_SELF = YES;
				CLANG_WARN_OBJC_LITERAL_CONVERSION = YES;
				CLANG_WARN_OBJC_ROOT_CLASS = YES_ERROR;
				CLANG_WARN_QUOTED_INCLUDE_IN_FRAMEWORK_HEADER = YES;
				CLANG_WARN_RANGE_LOOP_ANALYSIS = YES;
				CLANG_WARN_STRICT_PROTOTYPES = YES;
				CLANG_WARN_SUSPICIOUS_MOVE = YES;
				CLANG_WARN_UNGUARDED_AVAILABILITY = YES_AGGRESSIVE;
				CLANG_WARN_UNREACHABLE_CODE = YES;
				CLANG_WARN__DUPLICATE_METHOD_MATCH = YES;
				COPY_PHASE_STRIP = NO;
				DEBUG_INFORMATION_FORMAT = "dwarf-with-dsym";
				ENABLE_NS_ASSERTIONS = NO;
				ENABLE_STRICT_OBJC_MSGSEND = YES;
				ENABLE_USER_SCRIPT_SANDBOXING = YES;
				GCC_C_LANGUAGE_STANDARD = gnu17;
				GCC_NO_COMMON_BLOCKS = YES;
				GCC_WARN_64_TO_32_BIT_CONVERSION = YES;
				GCC_WARN_ABOUT_RETURN_TYPE = YES_ERROR;
				GCC_WARN_UNDECLARED_SELECTOR = YES;
				GCC_WARN_UNINITIALIZED_AUTOS = YES_AGGRESSIVE;
				GCC_WARN_UNUSED_FUNCTION = YES;
				GCC_WARN_UNUSED_VARIABLE = YES;
				IPHONEOS_DEPLOYMENT_TARGET = 18.1;
				LOCALIZATION_PREFERS_STRING_CATALOGS = YES;
				MTL_ENABLE_DEBUG_INFO = NO;
				MTL_FAST_MATH = YES;
				SDKROOT = iphoneos;
				SWIFT_COMPILATION_MODE = wholemodule;
				VALIDATE_PRODUCT = YES;
			};
			name = Release;
		};
		1C3922002D00573200848672 /* Debug */ = {
			isa = XCBuildConfiguration;
			buildSettings = {
				ASSETCATALOG_COMPILER_APPICON_NAME = AppIcon;
				ASSETCATALOG_COMPILER_GLOBAL_ACCENT_COLOR_NAME = AccentColor;
				CODE_SIGN_STYLE = Automatic;
				CURRENT_PROJECT_VERSION = 1;
				DEVELOPMENT_ASSET_PATHS = "\"MokayExample/Preview Content\"";
				DEVELOPMENT_TEAM = 4GG5Y2R22P;
				ENABLE_PREVIEWS = YES;
				GENERATE_INFOPLIST_FILE = YES;
				INFOPLIST_KEY_UIApplicationSceneManifest_Generation = YES;
				INFOPLIST_KEY_UIApplicationSupportsIndirectInputEvents = YES;
				INFOPLIST_KEY_UILaunchScreen_Generation = YES;
				INFOPLIST_KEY_UISupportedInterfaceOrientations_iPad = "UIInterfaceOrientationPortrait UIInterfaceOrientationPortraitUpsideDown UIInterfaceOrientationLandscapeLeft UIInterfaceOrientationLandscapeRight";
				INFOPLIST_KEY_UISupportedInterfaceOrientations_iPhone = "UIInterfaceOrientationPortrait UIInterfaceOrientationLandscapeLeft UIInterfaceOrientationLandscapeRight";
				LD_RUNPATH_SEARCH_PATHS = (
					"$(inherited)",
					"@executable_path/Frameworks",
				);
				MARKETING_VERSION = 1.0;
				PRODUCT_BUNDLE_IDENTIFIER = com.Mokay.MokayExample;
				PRODUCT_NAME = "$(TARGET_NAME)";
				SWIFT_EMIT_LOC_STRINGS = YES;
				SWIFT_VERSION = 5.0;
				TARGETED_DEVICE_FAMILY = "1,2";
			};
			name = Debug;
		};
		1C3922012D00573200848672 /* Release */ = {
			isa = XCBuildConfiguration;
			buildSettings = {
				ASSETCATALOG_COMPILER_APPICON_NAME = AppIcon;
				ASSETCATALOG_COMPILER_GLOBAL_ACCENT_COLOR_NAME = AccentColor;
				CODE_SIGN_STYLE = Automatic;
				CURRENT_PROJECT_VERSION = 1;
				DEVELOPMENT_ASSET_PATHS = "\"MokayExample/Preview Content\"";
				DEVELOPMENT_TEAM = 4GG5Y2R22P;
				ENABLE_PREVIEWS = YES;
				GENERATE_INFOPLIST_FILE = YES;
				INFOPLIST_KEY_UIApplicationSceneManifest_Generation = YES;
				INFOPLIST_KEY_UIApplicationSupportsIndirectInputEvents = YES;
				INFOPLIST_KEY_UILaunchScreen_Generation = YES;
				INFOPLIST_KEY_UISupportedInterfaceOrientations_iPad = "UIInterfaceOrientationPortrait UIInterfaceOrientationPortraitUpsideDown UIInterfaceOrientationLandscapeLeft UIInterfaceOrientationLandscapeRight";
				INFOPLIST_KEY_UISupportedInterfaceOrientations_iPhone = "UIInterfaceOrientationPortrait UIInterfaceOrientationLandscapeLeft UIInterfaceOrientationLandscapeRight";
				LD_RUNPATH_SEARCH_PATHS = (
					"$(inherited)",
					"@executable_path/Frameworks",
				);
				MARKETING_VERSION = 1.0;
				PRODUCT_BUNDLE_IDENTIFIER = com.Mokay.MokayExample;
				PRODUCT_NAME = "$(TARGET_NAME)";
				SWIFT_EMIT_LOC_STRINGS = YES;
				SWIFT_VERSION = 5.0;
				TARGETED_DEVICE_FAMILY = "1,2";
			};
			name = Release;
		};
		1C3922032D00573200848672 /* Debug */ = {
			isa = XCBuildConfiguration;
			buildSettings = {
				BUNDLE_LOADER = "$(TEST_HOST)";
				CODE_SIGN_STYLE = Automatic;
				CURRENT_PROJECT_VERSION = 1;
				DEVELOPMENT_TEAM = 4GG5Y2R22P;
				GENERATE_INFOPLIST_FILE = YES;
				IPHONEOS_DEPLOYMENT_TARGET = 18.1;
				MARKETING_VERSION = 1.0;
				PRODUCT_BUNDLE_IDENTIFIER = com.Mokay.MokayExampleTests;
				PRODUCT_NAME = "$(TARGET_NAME)";
				SWIFT_EMIT_LOC_STRINGS = NO;
				SWIFT_VERSION = 5.0;
				TARGETED_DEVICE_FAMILY = "1,2";
				TEST_HOST = "$(BUILT_PRODUCTS_DIR)/MokayExample.app/$(BUNDLE_EXECUTABLE_FOLDER_PATH)/MokayExample";
			};
			name = Debug;
		};
		1C3922042D00573200848672 /* Release */ = {
			isa = XCBuildConfiguration;
			buildSettings = {
				BUNDLE_LOADER = "$(TEST_HOST)";
				CODE_SIGN_STYLE = Automatic;
				CURRENT_PROJECT_VERSION = 1;
				DEVELOPMENT_TEAM = 4GG5Y2R22P;
				GENERATE_INFOPLIST_FILE = YES;
				IPHONEOS_DEPLOYMENT_TARGET = 18.1;
				MARKETING_VERSION = 1.0;
				PRODUCT_BUNDLE_IDENTIFIER = com.Mokay.MokayExampleTests;
				PRODUCT_NAME = "$(TARGET_NAME)";
				SWIFT_EMIT_LOC_STRINGS = NO;
				SWIFT_VERSION = 5.0;
				TARGETED_DEVICE_FAMILY = "1,2";
				TEST_HOST = "$(BUILT_PRODUCTS_DIR)/MokayExample.app/$(BUNDLE_EXECUTABLE_FOLDER_PATH)/MokayExample";
			};
			name = Release;
		};
		1C3922062D00573200848672 /* Debug */ = {
			isa = XCBuildConfiguration;
			buildSettings = {
				CODE_SIGN_STYLE = Automatic;
				CURRENT_PROJECT_VERSION = 1;
				DEVELOPMENT_TEAM = 4GG5Y2R22P;
				GENERATE_INFOPLIST_FILE = YES;
				MARKETING_VERSION = 1.0;
				PRODUCT_BUNDLE_IDENTIFIER = com.Mokay.MokayExampleUITests;
				PRODUCT_NAME = "$(TARGET_NAME)";
				SWIFT_EMIT_LOC_STRINGS = NO;
				SWIFT_VERSION = 5.0;
				TARGETED_DEVICE_FAMILY = "1,2";
				TEST_TARGET_NAME = MokayExample;
			};
			name = Debug;
		};
		1C3922072D00573200848672 /* Release */ = {
			isa = XCBuildConfiguration;
			buildSettings = {
				CODE_SIGN_STYLE = Automatic;
				CURRENT_PROJECT_VERSION = 1;
				DEVELOPMENT_TEAM = 4GG5Y2R22P;
				GENERATE_INFOPLIST_FILE = YES;
				MARKETING_VERSION = 1.0;
				PRODUCT_BUNDLE_IDENTIFIER = com.Mokay.MokayExampleUITests;
				PRODUCT_NAME = "$(TARGET_NAME)";
				SWIFT_EMIT_LOC_STRINGS = NO;
				SWIFT_VERSION = 5.0;
				TARGETED_DEVICE_FAMILY = "1,2";
				TEST_TARGET_NAME = MokayExample;
			};
			name = Release;
		};
/* End XCBuildConfiguration section */

/* Begin XCConfigurationList section */
		1C3921D42D00573100848672 /* Build configuration list for PBXProject "MokayExample" */ = {
			isa = XCConfigurationList;
			buildConfigurations = (
				1C3921FD2D00573200848672 /* Debug */,
				1C3921FE2D00573200848672 /* Release */,
			);
			defaultConfigurationIsVisible = 0;
			defaultConfigurationName = Release;
		};
		1C3921FF2D00573200848672 /* Build configuration list for PBXNativeTarget "MokayExample" */ = {
			isa = XCConfigurationList;
			buildConfigurations = (
				1C3922002D00573200848672 /* Debug */,
				1C3922012D00573200848672 /* Release */,
			);
			defaultConfigurationIsVisible = 0;
			defaultConfigurationName = Release;
		};
		1C3922022D00573200848672 /* Build configuration list for PBXNativeTarget "MokayExampleTests" */ = {
			isa = XCConfigurationList;
			buildConfigurations = (
				1C3922032D00573200848672 /* Debug */,
				1C3922042D00573200848672 /* Release */,
			);
			defaultConfigurationIsVisible = 0;
			defaultConfigurationName = Release;
		};
		1C3922052D00573200848672 /* Build configuration list for PBXNativeTarget "MokayExampleUITests" */ = {
			isa = XCConfigurationList;
			buildConfigurations = (
				1C3922062D00573200848672 /* Debug */,
				1C3922072D00573200848672 /* Release */,
			);
			defaultConfigurationIsVisible = 0;
			defaultConfigurationName = Release;
		};
/* End XCConfigurationList section */

/* Begin XCRemoteSwiftPackageReference section */
		1C101BD52D00E514002204E0 /* XCRemoteSwiftPackageReference "Mokay" */ = {
			isa = XCRemoteSwiftPackageReference;
			repositoryURL = "https://github.com/k0zl0v/Mokay.git";
			requirement = {
				kind = upToNextMajorVersion;
				minimumVersion = 1.2.0;
			};
		};
/* End XCRemoteSwiftPackageReference section */

/* Begin XCSwiftPackageProductDependency section */
		1CF9C4F82D01C288006C55E7 /* Mokay */ = {
			isa = XCSwiftPackageProductDependency;
			package = 1C101BD52D00E514002204E0 /* XCRemoteSwiftPackageReference "Mokay" */;
			productName = Mokay;
		};
/* End XCSwiftPackageProductDependency section */
	};
	rootObject = 1C3921D12D00573100848672 /* Project object */;
}
